{
  "name": "wush",
  "version": "1.0.0",
  "lockfileVersion": 3,
  "requires": true,
  "packages": {
    "": {
      "name": "wush",
      "version": "1.0.0",
      "license": "ISC",
      "dependencies": {
        "@storecraft/core": "^1.0.4",
        "@storecraft/database-turso": "^1.0.0",
        "@storecraft/mailer-providers-http": "^1.0.0",
        "@storecraft/payments-stripe": "^1.0.0",
        "@storecraft/platforms": "^1.0.1",
        "@storecraft/storage-local": "^1.0.0"
      },
      "devDependencies": {}
    },
    "node_modules/@libsql/client": {
      "version": "0.9.0",
      "resolved": "https://registry.npmjs.org/@libsql/client/-/client-0.9.0.tgz",
      "integrity": "sha512-mT+91wtb8pxK9SWd566D5W2VUCemksUMqICRBtf0WXiS7XzNcQhWyrwYOnVrVmTSze/SCCsNNEKIkCRwk/pr2Q==",
      "dependencies": {
        "@libsql/core": "^0.9.0",
        "@libsql/hrana-client": "^0.6.2",
        "js-base64": "^3.7.5",
        "libsql": "^0.4.1",
        "promise-limit": "^2.7.0"
      }
    },
    "node_modules/@libsql/core": {
      "version": "0.9.0",
      "resolved": "https://registry.npmjs.org/@libsql/core/-/core-0.9.0.tgz",
      "integrity": "sha512-rCsS/EC32K8ARjDQJGqauGZmkR6orOOY4I7898PyQ/mmltAkMwRgz5kjEmYRZ42o7mP0ayJfbw28qgv7SRFEgg==",
      "dependencies": {
        "js-base64": "^3.7.5"
      }
    },
    "node_modules/@libsql/darwin-arm64": {
      "version": "0.4.1",
      "resolved": "https://registry.npmjs.org/@libsql/darwin-arm64/-/darwin-arm64-0.4.1.tgz",
      "integrity": "sha512-XICT9/OyU8Aa9Iv1xZIHgvM09n/1OQUk3VC+s5uavzdiGHrDMkOWzN47JN7/FiMa/NWrcgoEiDMk3+e7mE53Ig==",
      "cpu": [
        "arm64"
      ],
      "optional": true,
      "os": [
        "darwin"
      ]
    },
    "node_modules/@libsql/darwin-x64": {
      "version": "0.4.1",
      "resolved": "https://registry.npmjs.org/@libsql/darwin-x64/-/darwin-x64-0.4.1.tgz",
      "integrity": "sha512-pSKxhRrhu4SsTD+IBRZXcs1SkwMdeAG1tv6Z/Ctp/sOEYrgkU8MDKLqkOr9NsmwpK4S0+JdwjkLMyhTkct/5TQ==",
      "cpu": [
        "x64"
      ],
      "optional": true,
      "os": [
        "darwin"
      ]
    },
    "node_modules/@libsql/hrana-client": {
      "version": "0.6.2",
      "resolved": "https://registry.npmjs.org/@libsql/hrana-client/-/hrana-client-0.6.2.tgz",
      "integrity": "sha512-MWxgD7mXLNf9FXXiM0bc90wCjZSpErWKr5mGza7ERy2FJNNMXd7JIOv+DepBA1FQTIfI8TFO4/QDYgaQC0goNw==",
      "dependencies": {
        "@libsql/isomorphic-fetch": "^0.2.1",
        "@libsql/isomorphic-ws": "^0.1.5",
        "js-base64": "^3.7.5",
        "node-fetch": "^3.3.2"
      }
    },
    "node_modules/@libsql/isomorphic-fetch": {
      "version": "0.2.5",
      "resolved": "https://registry.npmjs.org/@libsql/isomorphic-fetch/-/isomorphic-fetch-0.2.5.tgz",
      "integrity": "sha512-8s/B2TClEHms2yb+JGpsVRTPBfy1ih/Pq6h6gvyaNcYnMVJvgQRY7wAa8U2nD0dppbCuDU5evTNMEhrQ17ZKKg==",
      "engines": {
        "node": ">=18.0.0"
      }
    },
    "node_modules/@libsql/isomorphic-ws": {
      "version": "0.1.5",
      "resolved": "https://registry.npmjs.org/@libsql/isomorphic-ws/-/isomorphic-ws-0.1.5.tgz",
      "integrity": "sha512-DtLWIH29onUYR00i0GlQ3UdcTRC6EP4u9w/h9LxpUZJWRMARk6dQwZ6Jkd+QdwVpuAOrdxt18v0K2uIYR3fwFg==",
      "dependencies": {
        "@types/ws": "^8.5.4",
        "ws": "^8.13.0"
      }
    },
    "node_modules/@libsql/linux-arm64-gnu": {
      "version": "0.4.1",
      "resolved": "https://registry.npmjs.org/@libsql/linux-arm64-gnu/-/linux-arm64-gnu-0.4.1.tgz",
      "integrity": "sha512-9lpvb24tO2qZd9nq5dlq3ESA3hSKYWBIK7lJjfiCM6f7a70AUwBY9QoPJV9q4gILIyVnR1YBGrlm50nnb+dYgw==",
      "cpu": [
        "arm64"
      ],
      "optional": true,
      "os": [
        "linux"
      ]
    },
    "node_modules/@libsql/linux-arm64-musl": {
      "version": "0.4.1",
      "resolved": "https://registry.npmjs.org/@libsql/linux-arm64-musl/-/linux-arm64-musl-0.4.1.tgz",
      "integrity": "sha512-lyxi+lFxE+NcBRDMQCxCtDg3c4WcKAbc9u63d5+B23Vm+UgphD9XY4seu+tGrBy1MU2tuNVix7r9S7ECpAaVrA==",
      "cpu": [
        "arm64"
      ],
      "optional": true,
      "os": [
        "linux"
      ]
    },
    "node_modules/@libsql/linux-x64-gnu": {
      "version": "0.4.1",
      "resolved": "https://registry.npmjs.org/@libsql/linux-x64-gnu/-/linux-x64-gnu-0.4.1.tgz",
      "integrity": "sha512-psvuQ3UFBEmDFV8ZHG+WkUHIJiWv+elZ+zIPvOVedlIKdxG1O+8WthWUAhFHOGnbiyzc4sAZ4c3de1oCvyHxyQ==",
      "cpu": [
        "x64"
      ],
      "optional": true,
      "os": [
        "linux"
      ]
    },
    "node_modules/@libsql/linux-x64-musl": {
      "version": "0.4.1",
      "resolved": "https://registry.npmjs.org/@libsql/linux-x64-musl/-/linux-x64-musl-0.4.1.tgz",
      "integrity": "sha512-PDidJ3AhGDqosGg3OAZzGxMFIbnuOALya4BoezJKl667AFv3x7BBQ30H81Mngsq3Fh8RkJkXSdWfL91+Txb1iA==",
      "cpu": [
        "x64"
      ],
      "optional": true,
      "os": [
        "linux"
      ]
    },
    "node_modules/@libsql/win32-x64-msvc": {
      "version": "0.4.1",
      "resolved": "https://registry.npmjs.org/@libsql/win32-x64-msvc/-/win32-x64-msvc-0.4.1.tgz",
      "integrity": "sha512-IdODVqV/PrdOnHA/004uWyorZQuRsB7U7bCRCE3vXgABj3eJLJGc6cv2C6ksEaEoVxJbD8k53H4VVAGrtYwXzQ==",
      "cpu": [
        "x64"
      ],
      "optional": true,
      "os": [
        "win32"
      ]
    },
    "node_modules/@neon-rs/load": {
      "version": "0.0.4",
      "resolved": "https://registry.npmjs.org/@neon-rs/load/-/load-0.0.4.tgz",
      "integrity": "sha512-kTPhdZyTQxB+2wpiRcFWrDcejc4JI6tkPuS7UZCG4l6Zvc5kU/gGQ/ozvHTh1XR5tS+UlfAfGuPajjzQjCiHCw=="
    },
    "node_modules/@storecraft/core": {
      "version": "1.0.4",
      "resolved": "https://registry.npmjs.org/@storecraft/core/-/core-1.0.4.tgz",
      "integrity": "sha512-5GF1EfZR1nlwmG0A5nWhuc6+73+zTbBbltF4Kf/pPlp+TVeOta3XiVrWpERm/XudJKoJCp9ZiI1ZIg+aswx4yg==",
      "dependencies": {
        "zod": "^3.22.4"
      }
    },
    "node_modules/@storecraft/database-sql-base": {
      "version": "1.0.0",
      "resolved": "https://registry.npmjs.org/@storecraft/database-sql-base/-/database-sql-base-1.0.0.tgz",
      "integrity": "sha512-4xdgtgn68GpBzfZZIwNsV8nPbUv42Pt5p0pfuY3WtWD35pM1oUNetvjsXulpDVz2M2olMcM09TILmuMV9U3Jxw==",
      "dependencies": {
        "@storecraft/core": "^1.0.0",
        "kysely": "^0.27.2"
      }
    },
    "node_modules/@storecraft/database-turso": {
      "version": "1.0.0",
      "resolved": "https://registry.npmjs.org/@storecraft/database-turso/-/database-turso-1.0.0.tgz",
      "integrity": "sha512-6ZvApzE0fBdS0KdNekOCxpJ11BO6owM3omooU7Lei05zVXJMaf4uS+LnRiCF+VKydOqfTAg0jeAycD87ynS8OA==",
      "dependencies": {
        "@libsql/client": "^0.9.0",
        "@storecraft/core": "^1.0.0",
        "@storecraft/database-sql-base": "^1.0.0"
      },
      "peerDependencies": {
        "kysely": "*"
      }
    },
    "node_modules/@storecraft/mailer-providers-http": {
      "version": "1.0.0",
      "resolved": "https://registry.npmjs.org/@storecraft/mailer-providers-http/-/mailer-providers-http-1.0.0.tgz",
      "integrity": "sha512-EJqFFljBw9d/Kjhk90Ot1COxfrUCQWPPGTzJ99OpZmlnOvWYdLhlBi57wWtAXexQPiPlsCxb/a4djmyp4j5Ofg==",
      "dependencies": {
        "@storecraft/core": "^1.0.0"
      }
    },
    "node_modules/@storecraft/payments-stripe": {
      "version": "1.0.0",
      "resolved": "https://registry.npmjs.org/@storecraft/payments-stripe/-/payments-stripe-1.0.0.tgz",
      "integrity": "sha512-cta0ziyKqlw/F2eiLQGn13zm1BxGhsi9Gdl0bymbaEw/a7SSC97b47+NRB2Vo5wrdXF0R7pETPoYzeIBGT8SBg==",
      "dependencies": {
        "stripe": "^16.6.0"
      }
    },
    "node_modules/@storecraft/platforms": {
      "version": "1.0.1",
      "resolved": "https://registry.npmjs.org/@storecraft/platforms/-/platforms-1.0.1.tgz",
      "integrity": "sha512-DPhTdYZgg7QRh/HRlmjfxe5x4P4tIY7ZbNSJQ1KSk8thpoygOq5zJUAlKLohxd/+LdLCjNmYyukKhU/+mSgcyw==",
      "dependencies": {
        "@storecraft/core": "^1.0.0"
      }
    },
    "node_modules/@storecraft/storage-local": {
      "version": "1.0.0",
      "resolved": "https://registry.npmjs.org/@storecraft/storage-local/-/storage-local-1.0.0.tgz",
      "integrity": "sha512-qTuNTGZNtw3VDf4iqb3pF5CShScayvvbYZeIxDUy9dged76UTSrFmnIY+LfHu+4BU88LXLWOThdJ8TGumvX5Sg==",
      "dependencies": {
        "@storecraft/core": "^1.0.0"
      }
    },
    "node_modules/@types/node": {
      "version": "22.5.0",
      "resolved": "https://registry.npmjs.org/@types/node/-/node-22.5.0.tgz",
      "integrity": "sha512-DkFrJOe+rfdHTqqMg0bSNlGlQ85hSoh2TPzZyhHsXnMtligRWpxUySiyw8FY14ITt24HVCiQPWxS3KO/QlGmWg==",
      "dependencies": {
        "undici-types": "~6.19.2"
      }
    },
    "node_modules/@types/ws": {
      "version": "8.5.12",
      "resolved": "https://registry.npmjs.org/@types/ws/-/ws-8.5.12.tgz",
      "integrity": "sha512-3tPRkv1EtkDpzlgyKyI8pGsGZAGPEaXeu0DOj5DI25Ja91bdAYddYHbADRYVrZMRbfW+1l5YwXVDKohDJNQxkQ==",
      "dependencies": {
        "@types/node": "*"
      }
    },
    "node_modules/call-bind": {
      "version": "1.0.7",
      "resolved": "https://registry.npmjs.org/call-bind/-/call-bind-1.0.7.tgz",
      "integrity": "sha512-GHTSNSYICQ7scH7sZ+M2rFopRoLh8t2bLSW6BbgrtLsahOIB5iyAVJf9GjWK3cYTDaMj4XdBpM1cA6pIS0Kv2w==",
      "dependencies": {
        "es-define-property": "^1.0.0",
        "es-errors": "^1.3.0",
        "function-bind": "^1.1.2",
        "get-intrinsic": "^1.2.4",
        "set-function-length": "^1.2.1"
      },
      "engines": {
        "node": ">= 0.4"
      },
      "funding": {
        "url": "https://github.com/sponsors/ljharb"
      }
    },
    "node_modules/data-uri-to-buffer": {
      "version": "4.0.1",
      "resolved": "https://registry.npmjs.org/data-uri-to-buffer/-/data-uri-to-buffer-4.0.1.tgz",
      "integrity": "sha512-0R9ikRb668HB7QDxT1vkpuUBtqc53YyAwMwGeUFKRojY/NWKvdZ+9UYtRfGmhqNbRkTSVpMbmyhXipFFv2cb/A==",
      "engines": {
        "node": ">= 12"
      }
    },
    "node_modules/define-data-property": {
      "version": "1.1.4",
      "resolved": "https://registry.npmjs.org/define-data-property/-/define-data-property-1.1.4.tgz",
      "integrity": "sha512-rBMvIzlpA8v6E+SJZoo++HAYqsLrkg7MSfIinMPFhmkorw7X+dOXVJQs+QT69zGkzMyfDnIMN2Wid1+NbL3T+A==",
      "dependencies": {
        "es-define-property": "^1.0.0",
        "es-errors": "^1.3.0",
        "gopd": "^1.0.1"
      },
      "engines": {
        "node": ">= 0.4"
      },
      "funding": {
        "url": "https://github.com/sponsors/ljharb"
      }
    },
    "node_modules/detect-libc": {
      "version": "2.0.2",
      "resolved": "https://registry.npmjs.org/detect-libc/-/detect-libc-2.0.2.tgz",
      "integrity": "sha512-UX6sGumvvqSaXgdKGUsgZWqcUyIXZ/vZTrlRT/iobiKhGL0zL4d3osHj3uqllWJK+i+sixDS/3COVEOFbupFyw==",
      "engines": {
        "node": ">=8"
      }
    },
    "node_modules/es-define-property": {
      "version": "1.0.0",
      "resolved": "https://registry.npmjs.org/es-define-property/-/es-define-property-1.0.0.tgz",
      "integrity": "sha512-jxayLKShrEqqzJ0eumQbVhTYQM27CfT1T35+gCgDFoL82JLsXqTJ76zv6A0YLOgEnLUMvLzsDsGIrl8NFpT2gQ==",
      "dependencies": {
        "get-intrinsic": "^1.2.4"
      },
      "engines": {
        "node": ">= 0.4"
      }
    },
    "node_modules/es-errors": {
      "version": "1.3.0",
      "resolved": "https://registry.npmjs.org/es-errors/-/es-errors-1.3.0.tgz",
      "integrity": "sha512-Zf5H2Kxt2xjTvbJvP2ZWLEICxA6j+hAmMzIlypy4xcBg1vKVnx89Wy0GbS+kf5cwCVFFzdCFh2XSCFNULS6csw==",
      "engines": {
        "node": ">= 0.4"
      }
    },
    "node_modules/fetch-blob": {
      "version": "3.2.0",
      "resolved": "https://registry.npmjs.org/fetch-blob/-/fetch-blob-3.2.0.tgz",
      "integrity": "sha512-7yAQpD2UMJzLi1Dqv7qFYnPbaPx7ZfFK6PiIxQ4PfkGPyNyl2Ugx+a/umUonmKqjhM4DnfbMvdX6otXq83soQQ==",
      "funding": [
        {
          "type": "github",
          "url": "https://github.com/sponsors/jimmywarting"
        },
        {
          "type": "paypal",
          "url": "https://paypal.me/jimmywarting"
        }
      ],
      "dependencies": {
        "node-domexception": "^1.0.0",
        "web-streams-polyfill": "^3.0.3"
      },
      "engines": {
        "node": "^12.20 || >= 14.13"
      }
    },
    "node_modules/formdata-polyfill": {
      "version": "4.0.10",
      "resolved": "https://registry.npmjs.org/formdata-polyfill/-/formdata-polyfill-4.0.10.tgz",
      "integrity": "sha512-buewHzMvYL29jdeQTVILecSaZKnt/RJWjoZCF5OW60Z67/GmSLBkOFM7qh1PI3zFNtJbaZL5eQu1vLfazOwj4g==",
      "dependencies": {
        "fetch-blob": "^3.1.2"
      },
      "engines": {
        "node": ">=12.20.0"
      }
    },
    "node_modules/function-bind": {
      "version": "1.1.2",
      "resolved": "https://registry.npmjs.org/function-bind/-/function-bind-1.1.2.tgz",
      "integrity": "sha512-7XHNxH7qX9xG5mIwxkhumTox/MIRNcOgDrxWsMt2pAr23WHp6MrRlN7FBSFpCpr+oVO0F744iUgR82nJMfG2SA==",
      "funding": {
        "url": "https://github.com/sponsors/ljharb"
      }
    },
    "node_modules/get-intrinsic": {
      "version": "1.2.4",
      "resolved": "https://registry.npmjs.org/get-intrinsic/-/get-intrinsic-1.2.4.tgz",
      "integrity": "sha512-5uYhsJH8VJBTv7oslg4BznJYhDoRI6waYCxMmCdnTrcCrHA/fCFKoTFz2JKKE0HdDFUF7/oQuhzumXJK7paBRQ==",
      "dependencies": {
        "es-errors": "^1.3.0",
        "function-bind": "^1.1.2",
        "has-proto": "^1.0.1",
        "has-symbols": "^1.0.3",
        "hasown": "^2.0.0"
      },
      "engines": {
        "node": ">= 0.4"
      },
      "funding": {
        "url": "https://github.com/sponsors/ljharb"
      }
    },
    "node_modules/gopd": {
      "version": "1.0.1",
      "resolved": "https://registry.npmjs.org/gopd/-/gopd-1.0.1.tgz",
      "integrity": "sha512-d65bNlIadxvpb/A2abVdlqKqV563juRnZ1Wtk6s1sIR8uNsXR70xqIzVqxVf1eTqDunwT2MkczEeaezCKTZhwA==",
      "dependencies": {
        "get-intrinsic": "^1.1.3"
      },
      "funding": {
        "url": "https://github.com/sponsors/ljharb"
      }
    },
    "node_modules/has-property-descriptors": {
      "version": "1.0.2",
      "resolved": "https://registry.npmjs.org/has-property-descriptors/-/has-property-descriptors-1.0.2.tgz",
      "integrity": "sha512-55JNKuIW+vq4Ke1BjOTjM2YctQIvCT7GFzHwmfZPGo5wnrgkid0YQtnAleFSqumZm4az3n2BS+erby5ipJdgrg==",
      "dependencies": {
        "es-define-property": "^1.0.0"
      },
      "funding": {
        "url": "https://github.com/sponsors/ljharb"
      }
    },
    "node_modules/has-proto": {
      "version": "1.0.3",
      "resolved": "https://registry.npmjs.org/has-proto/-/has-proto-1.0.3.tgz",
      "integrity": "sha512-SJ1amZAJUiZS+PhsVLf5tGydlaVB8EdFpaSO4gmiUKUOxk8qzn5AIy4ZeJUmh22znIdk/uMAUT2pl3FxzVUH+Q==",
      "engines": {
        "node": ">= 0.4"
      },
      "funding": {
        "url": "https://github.com/sponsors/ljharb"
      }
    },
    "node_modules/has-symbols": {
      "version": "1.0.3",
      "resolved": "https://registry.npmjs.org/has-symbols/-/has-symbols-1.0.3.tgz",
      "integrity": "sha512-l3LCuF6MgDNwTDKkdYGEihYjt5pRPbEg46rtlmnSPlUbgmB8LOIrKJbYYFBSbnPaJexMKtiPO8hmeRjRz2Td+A==",
      "engines": {
        "node": ">= 0.4"
      },
      "funding": {
        "url": "https://github.com/sponsors/ljharb"
      }
    },
    "node_modules/hasown": {
      "version": "2.0.2",
      "resolved": "https://registry.npmjs.org/hasown/-/hasown-2.0.2.tgz",
      "integrity": "sha512-0hJU9SCPvmMzIBdZFqNPXWa6dqh7WdH0cII9y+CyS8rG3nL48Bclra9HmKhVVUHyPWNH5Y7xDwAB7bfgSjkUMQ==",
      "dependencies": {
        "function-bind": "^1.1.2"
      },
      "engines": {
        "node": ">= 0.4"
      }
    },
    "node_modules/js-base64": {
      "version": "3.7.7",
      "resolved": "https://registry.npmjs.org/js-base64/-/js-base64-3.7.7.tgz",
      "integrity": "sha512-7rCnleh0z2CkXhH67J8K1Ytz0b2Y+yxTPL+/KOJoa20hfnVQ/3/T6W/KflYI4bRHRagNeXeU2bkNGI3v1oS/lw=="
    },
    "node_modules/kysely": {
      "version": "0.27.4",
      "resolved": "https://registry.npmjs.org/kysely/-/kysely-0.27.4.tgz",
      "integrity": "sha512-dyNKv2KRvYOQPLCAOCjjQuCk4YFd33BvGdf/o5bC7FiW+BB6snA81Zt+2wT9QDFzKqxKa5rrOmvlK/anehCcgA==",
      "engines": {
        "node": ">=14.0.0"
      }
    },
    "node_modules/libsql": {
      "version": "0.4.1",
      "resolved": "https://registry.npmjs.org/libsql/-/libsql-0.4.1.tgz",
      "integrity": "sha512-qZlR9Yu1zMBeLChzkE/cKfoKV3Esp9cn9Vx5Zirn4AVhDWPcjYhKwbtJcMuHehgk3mH+fJr9qW+3vesBWbQpBg==",
      "cpu": [
        "x64",
        "arm64",
        "wasm32"
      ],
      "os": [
        "darwin",
        "linux",
        "win32"
      ],
      "dependencies": {
        "@neon-rs/load": "^0.0.4",
        "detect-libc": "2.0.2",
        "libsql": "^0.3.19"
      },
      "optionalDependencies": {
        "@libsql/darwin-arm64": "0.4.1",
        "@libsql/darwin-x64": "0.4.1",
        "@libsql/linux-arm64-gnu": "0.4.1",
        "@libsql/linux-arm64-musl": "0.4.1",
        "@libsql/linux-x64-gnu": "0.4.1",
        "@libsql/linux-x64-musl": "0.4.1",
        "@libsql/win32-x64-msvc": "0.4.1"
      }
    },
    "node_modules/libsql/node_modules/libsql": {
      "version": "0.3.19",
      "resolved": "https://registry.npmjs.org/libsql/-/libsql-0.3.19.tgz",
      "integrity": "sha512-Aj5cQ5uk/6fHdmeW0TiXK42FqUlwx7ytmMLPSaUQPin5HKKKuUPD62MAbN4OEweGBBI7q1BekoEN4gPUEL6MZA==",
      "cpu": [
        "x64",
        "arm64",
        "wasm32"
      ],
      "os": [
        "darwin",
        "linux",
        "win32"
      ],
      "dependencies": {
        "@neon-rs/load": "^0.0.4",
        "detect-libc": "2.0.2",
        "libsql": "^0.3.15"
      },
      "optionalDependencies": {
        "@libsql/darwin-arm64": "0.3.19",
        "@libsql/darwin-x64": "0.3.19",
        "@libsql/linux-arm64-gnu": "0.3.19",
        "@libsql/linux-arm64-musl": "0.3.19",
        "@libsql/linux-x64-gnu": "0.3.19",
        "@libsql/linux-x64-musl": "0.3.19",
        "@libsql/win32-x64-msvc": "0.3.19"
      }
    },
    "node_modules/libsql/node_modules/libsql/node_modules/@libsql/darwin-arm64": {
      "version": "0.3.19",
      "resolved": "https://registry.npmjs.org/@libsql/darwin-arm64/-/darwin-arm64-0.3.19.tgz",
      "integrity": "sha512-rmOqsLcDI65zzxlUOoEiPJLhqmbFsZF6p4UJQ2kMqB+Kc0Rt5/A1OAdOZ/Wo8fQfJWjR1IbkbpEINFioyKf+nQ==",
      "cpu": [
        "arm64"
      ],
      "optional": true,
      "os": [
        "darwin"
      ]
    },
    "node_modules/libsql/node_modules/libsql/node_modules/@libsql/darwin-x64": {
      "version": "0.3.19",
      "resolved": "https://registry.npmjs.org/@libsql/darwin-x64/-/darwin-x64-0.3.19.tgz",
      "integrity": "sha512-q9O55B646zU+644SMmOQL3FIfpmEvdWpRpzubwFc2trsa+zoBlSkHuzU9v/C+UNoPHQVRMP7KQctJ455I/h/xw==",
      "cpu": [
        "x64"
      ],
      "optional": true,
      "os": [
        "darwin"
      ]
    },
    "node_modules/libsql/node_modules/libsql/node_modules/@libsql/linux-arm64-gnu": {
      "version": "0.3.19",
      "resolved": "https://registry.npmjs.org/@libsql/linux-arm64-gnu/-/linux-arm64-gnu-0.3.19.tgz",
      "integrity": "sha512-mgeAUU1oqqh57k7I3cQyU6Trpdsdt607eFyEmH5QO7dv303ti+LjUvh1pp21QWV6WX7wZyjeJV1/VzEImB+jRg==",
      "cpu": [
        "arm64"
      ],
      "optional": true,
      "os": [
        "linux"
      ]
    },
    "node_modules/libsql/node_modules/libsql/node_modules/@libsql/linux-arm64-musl": {
      "version": "0.3.19",
      "resolved": "https://registry.npmjs.org/@libsql/linux-arm64-musl/-/linux-arm64-musl-0.3.19.tgz",
      "integrity": "sha512-VEZtxghyK6zwGzU9PHohvNxthruSxBEnRrX7BSL5jQ62tN4n2JNepJ6SdzXp70pdzTfwroOj/eMwiPt94gkVRg==",
      "cpu": [
        "arm64"
      ],
      "optional": true,
      "os": [
        "linux"
      ]
    },
    "node_modules/libsql/node_modules/libsql/node_modules/@libsql/linux-x64-gnu": {
      "version": "0.3.19",
      "resolved": "https://registry.npmjs.org/@libsql/linux-x64-gnu/-/linux-x64-gnu-0.3.19.tgz",
      "integrity": "sha512-2t/J7LD5w2f63wGihEO+0GxfTyYIyLGEvTFEsMO16XI5o7IS9vcSHrxsvAJs4w2Pf907uDjmc7fUfMg6L82BrQ==",
      "cpu": [
        "x64"
      ],
      "optional": true,
      "os": [
        "linux"
      ]
    },
    "node_modules/libsql/node_modules/libsql/node_modules/@libsql/linux-x64-musl": {
      "version": "0.3.19",
      "resolved": "https://registry.npmjs.org/@libsql/linux-x64-musl/-/linux-x64-musl-0.3.19.tgz",
      "integrity": "sha512-BLsXyJaL8gZD8+3W2LU08lDEd9MIgGds0yPy5iNPp8tfhXx3pV/Fge2GErN0FC+nzt4DYQtjL+A9GUMglQefXQ==",
      "cpu": [
        "x64"
      ],
      "optional": true,
      "os": [
        "linux"
      ]
    },
    "node_modules/libsql/node_modules/libsql/node_modules/@libsql/win32-x64-msvc": {
      "version": "0.3.19",
      "resolved": "https://registry.npmjs.org/@libsql/win32-x64-msvc/-/win32-x64-msvc-0.3.19.tgz",
      "integrity": "sha512-ay1X9AobE4BpzG0XPw1gplyLZPGHIgJOovvW23gUrukRegiUP62uzhpRbKNogLlUOynyXeq//prHgPXiebUfWg==",
      "cpu": [
        "x64"
      ],
      "optional": true,
      "os": [
        "win32"
      ]
    },
    "node_modules/node-domexception": {
      "version": "1.0.0",
      "resolved": "https://registry.npmjs.org/node-domexception/-/node-domexception-1.0.0.tgz",
      "integrity": "sha512-/jKZoMpw0F8GRwl4/eLROPA3cfcXtLApP0QzLmUT/HuPCZWyB7IY9ZrMeKw2O/nFIqPQB3PVM9aYm0F312AXDQ==",
      "funding": [
        {
          "type": "github",
          "url": "https://github.com/sponsors/jimmywarting"
        },
        {
          "type": "github",
          "url": "https://paypal.me/jimmywarting"
        }
      ],
      "engines": {
        "node": ">=10.5.0"
      }
    },
    "node_modules/node-fetch": {
      "version": "3.3.2",
      "resolved": "https://registry.npmjs.org/node-fetch/-/node-fetch-3.3.2.tgz",
      "integrity": "sha512-dRB78srN/l6gqWulah9SrxeYnxeddIG30+GOqK/9OlLVyLg3HPnr6SqOWTWOXKRwC2eGYCkZ59NNuSgvSrpgOA==",
      "dependencies": {
        "data-uri-to-buffer": "^4.0.0",
        "fetch-blob": "^3.1.4",
        "formdata-polyfill": "^4.0.10"
      },
      "engines": {
        "node": "^12.20.0 || ^14.13.1 || >=16.0.0"
      },
      "funding": {
        "type": "opencollective",
        "url": "https://opencollective.com/node-fetch"
      }
    },
    "node_modules/object-inspect": {
      "version": "1.13.2",
      "resolved": "https://registry.npmjs.org/object-inspect/-/object-inspect-1.13.2.tgz",
      "integrity": "sha512-IRZSRuzJiynemAXPYtPe5BoI/RESNYR7TYm50MC5Mqbd3Jmw5y790sErYw3V6SryFJD64b74qQQs9wn5Bg/k3g==",
      "engines": {
        "node": ">= 0.4"
      },
      "funding": {
        "url": "https://github.com/sponsors/ljharb"
      }
    },
    "node_modules/promise-limit": {
      "version": "2.7.0",
      "resolved": "https://registry.npmjs.org/promise-limit/-/promise-limit-2.7.0.tgz",
      "integrity": "sha512-7nJ6v5lnJsXwGprnGXga4wx6d1POjvi5Qmf1ivTRxTjH4Z/9Czja/UCMLVmB9N93GeWOU93XaFaEt6jbuoagNw=="
    },
    "node_modules/qs": {
      "version": "6.13.0",
      "resolved": "https://registry.npmjs.org/qs/-/qs-6.13.0.tgz",
      "integrity": "sha512-+38qI9SOr8tfZ4QmJNplMUxqjbe7LKvvZgWdExBOmd+egZTtjLB67Gu0HRX3u/XOq7UU2Nx6nsjvS16Z9uwfpg==",
      "dependencies": {
        "side-channel": "^1.0.6"
      },
      "engines": {
        "node": ">=0.6"
      },
      "funding": {
        "url": "https://github.com/sponsors/ljharb"
      }
    },
    "node_modules/set-function-length": {
      "version": "1.2.2",
      "resolved": "https://registry.npmjs.org/set-function-length/-/set-function-length-1.2.2.tgz",
      "integrity": "sha512-pgRc4hJ4/sNjWCSS9AmnS40x3bNMDTknHgL5UaMBTMyJnU90EgWh1Rz+MC9eFu4BuN/UwZjKQuY/1v3rM7HMfg==",
      "dependencies": {
        "define-data-property": "^1.1.4",
        "es-errors": "^1.3.0",
        "function-bind": "^1.1.2",
        "get-intrinsic": "^1.2.4",
        "gopd": "^1.0.1",
        "has-property-descriptors": "^1.0.2"
      },
      "engines": {
        "node": ">= 0.4"
      }
    },
    "node_modules/side-channel": {
      "version": "1.0.6",
      "resolved": "https://registry.npmjs.org/side-channel/-/side-channel-1.0.6.tgz",
      "integrity": "sha512-fDW/EZ6Q9RiO8eFG8Hj+7u/oW+XrPTIChwCOM2+th2A6OblDtYYIpve9m+KvI9Z4C9qSEXlaGR6bTEYHReuglA==",
      "dependencies": {
        "call-bind": "^1.0.7",
        "es-errors": "^1.3.0",
        "get-intrinsic": "^1.2.4",
        "object-inspect": "^1.13.1"
      },
      "engines": {
        "node": ">= 0.4"
      },
      "funding": {
        "url": "https://github.com/sponsors/ljharb"
      }
    },
    "node_modules/stripe": {
      "version": "16.8.0",
      "resolved": "https://registry.npmjs.org/stripe/-/stripe-16.8.0.tgz",
      "integrity": "sha512-6rOIcGOkxcc29jvhEyOYmpPFilekOBV+7vpemAoIAfbtCRW1yxzdDGM0/0vyekHglLL+wqGpP5ldrhO3dJ2JEQ==",
      "dependencies": {
        "@types/node": ">=8.1.0",
        "qs": "^6.11.0"
      },
      "engines": {
        "node": ">=12.*"
      }
    },
    "node_modules/undici-types": {
      "version": "6.19.8",
      "resolved": "https://registry.npmjs.org/undici-types/-/undici-types-6.19.8.tgz",
      "integrity": "sha512-ve2KP6f/JnbPBFyobGHuerC9g1FYGn/F8n1LWTwNxCEzd6IfqTwUQcNXgEtmmQ6DlRrC1hrSrBnCZPokRrDHjw=="
    },
    "node_modules/web-streams-polyfill": {
      "version": "3.3.3",
      "resolved": "https://registry.npmjs.org/web-streams-polyfill/-/web-streams-polyfill-3.3.3.tgz",
      "integrity": "sha512-d2JWLCivmZYTSIoge9MsgFCZrt571BikcWGYkjC1khllbTeDlGqZ2D8vD8E/lJa8WGWbb7Plm8/XJYV7IJHZZw==",
      "engines": {
        "node": ">= 8"
      }
    },
    "node_modules/ws": {
      "version": "8.18.0",
      "resolved": "https://registry.npmjs.org/ws/-/ws-8.18.0.tgz",
      "integrity": "sha512-8VbfWfHLbbwu3+N6OKsOMpBdT4kXPDDB9cJk2bJ6mh9ucxdlnNvH1e+roYkKmN9Nxw2yjz7VzeO9oOz2zJ04Pw==",
      "engines": {
        "node": ">=10.0.0"
      },
      "peerDependencies": {
        "bufferutil": "^4.0.1",
        "utf-8-validate": ">=5.0.2"
      },
      "peerDependenciesMeta": {
        "bufferutil": {
          "optional": true
        },
        "utf-8-validate": {
          "optional": true
        }
      }
    },
    "node_modules/zod": {
      "version": "3.23.8",
      "resolved": "https://registry.npmjs.org/zod/-/zod-3.23.8.tgz",
      "integrity": "sha512-XBx9AXhXktjUqnepgTiE5flcKIYWi/rme0Eaj+5Y0lftuGBq+jyRu/md4WnuxqgP1ubdpNCsYEYPxrzVHD8d6g==",
      "funding": {
        "url": "https://github.com/sponsors/colinhacks"
      }
    }
  }
}
